// !$*UTF8*$!
{
	archiveVersion = 1;
	classes = {
	};
	objectVersion = 48;
	objects = {

/* Begin PBXBuildFile section */
		7927243D1FA9BC0200E86B13 /* AppDelegate.swift in Sources */ = {isa = PBXBuildFile; fileRef = 7927243C1FA9BC0200E86B13 /* AppDelegate.swift */; };
		7927243F1FA9BC0200E86B13 /* ViewController.swift in Sources */ = {isa = PBXBuildFile; fileRef = 7927243E1FA9BC0200E86B13 /* ViewController.swift */; };
		792724421FA9BC0200E86B13 /* Main.storyboard in Resources */ = {isa = PBXBuildFile; fileRef = 792724401FA9BC0200E86B13 /* Main.storyboard */; };
		792724441FA9BC0200E86B13 /* Assets.xcassets in Resources */ = {isa = PBXBuildFile; fileRef = 792724431FA9BC0200E86B13 /* Assets.xcassets */; };
		792724471FA9BC0200E86B13 /* LaunchScreen.storyboard in Resources */ = {isa = PBXBuildFile; fileRef = 792724451FA9BC0200E86B13 /* LaunchScreen.storyboard */; };
		7927244F1FA9C60E00E86B13 /* General.swift in Sources */ = {isa = PBXBuildFile; fileRef = 7927244E1FA9C60E00E86B13 /* General.swift */; };
/* End PBXBuildFile section */

/* Begin PBXFileReference section */
		792724391FA9BC0200E86B13 /* norikae.app */ = {isa = PBXFileReference; explicitFileType = wrapper.application; includeInIndex = 0; path = norikae.app; sourceTree = BUILT_PRODUCTS_DIR; };
		7927243C1FA9BC0200E86B13 /* AppDelegate.swift */ = {isa = PBXFileReference; lastKnownFileType = sourcecode.swift; path = AppDelegate.swift; sourceTree = "<group>"; };
		7927243E1FA9BC0200E86B13 /* ViewController.swift */ = {isa = PBXFileReference; lastKnownFileType = sourcecode.swift; path = ViewController.swift; sourceTree = "<group>"; };
		792724411FA9BC0200E86B13 /* Base */ = {isa = PBXFileReference; lastKnownFileType = file.storyboard; name = Base; path = Base.lproj/Main.storyboard; sourceTree = "<group>"; };
		792724431FA9BC0200E86B13 /* Assets.xcassets */ = {isa = PBXFileReference; lastKnownFileType = folder.assetcatalog; path = Assets.xcassets; sourceTree = "<group>"; };
		792724461FA9BC0200E86B13 /* Base */ = {isa = PBXFileReference; lastKnownFileType = file.storyboard; name = Base; path = Base.lproj/LaunchScreen.storyboard; sourceTree = "<group>"; };
		792724481FA9BC0200E86B13 /* Info.plist */ = {isa = PBXFileReference; lastKnownFileType = text.plist.xml; path = Info.plist; sourceTree = "<group>"; };
		7927244E1FA9C60E00E86B13 /* General.swift */ = {isa = PBXFileReference; fileEncoding = 4; lastKnownFileType = sourcecode.swift; path = General.swift; sourceTree = "<group>"; };
/* End PBXFileReference section */

/* Begin PBXFrameworksBuildPhase section */
		792724361FA9BC0200E86B13 /* Frameworks */ = {
			isa = PBXFrameworksBuildPhase;
			buildActionMask = 2147483647;
			files = (
			);
			runOnlyForDeploymentPostprocessing = 0;
		};
/* End PBXFrameworksBuildPhase section */

/* Begin PBXGroup section */
		792724301FA9BC0100E86B13 = {
			isa = PBXGroup;
			children = (
				7927243B1FA9BC0200E86B13 /* norikae */,
				7927243A1FA9BC0200E86B13 /* Products */,
			);
			sourceTree = "<group>";
		};
		7927243A1FA9BC0200E86B13 /* Products */ = {
			isa = PBXGroup;
			children = (
				792724391FA9BC0200E86B13 /* norikae.app */,
			);
			name = Products;
			sourceTree = "<group>";
		};
		7927243B1FA9BC0200E86B13 /* norikae */ = {
			isa = PBXGroup;
			children = (
				7927243C1FA9BC0200E86B13 /* AppDelegate.swift */,
				7927243E1FA9BC0200E86B13 /* ViewController.swift */,
				792724401FA9BC0200E86B13 /* Main.storyboard */,
				792724431FA9BC0200E86B13 /* Assets.xcassets */,
				7927244E1FA9C60E00E86B13 /* General.swift */,
				792724451FA9BC0200E86B13 /* LaunchScreen.storyboard */,
				792724481FA9BC0200E86B13 /* Info.plist */,
			);
			path = norikae;
			sourceTree = "<group>";
		};
/* End PBXGroup section */

/* Begin PBXNativeTarget section */
		792724381FA9BC0200E86B13 /* norikae */ = {
			isa = PBXNativeTarget;
			buildConfigurationList = 7927244B1FA9BC0200E86B13 /* Build configuration list for PBXNativeTarget "norikae" */;
			buildPhases = (
				792724351FA9BC0200E86B13 /* Sources */,
				792724361FA9BC0200E86B13 /* Frameworks */,
				792724371FA9BC0200E86B13 /* Resources */,
			);
			buildRules = (
			);
			dependencies = (
			);
			name = norikae;
			productName = norikae;
			productReference = 792724391FA9BC0200E86B13 /* norikae.app */;
			productType = "com.apple.product-type.application";
		};
/* End PBXNativeTarget section */

/* Begin PBXProject section */
		792724311FA9BC0100E86B13 /* Project object */ = {
			isa = PBXProject;
			attributes = {
				LastSwiftUpdateCheck = 0910;
				LastUpgradeCheck = 0910;
				ORGANIZATIONNAME = "Step App School";
				TargetAttributes = {
					792724381FA9BC0200E86B13 = {
						CreatedOnToolsVersion = 9.1;
						ProvisioningStyle = Automatic;
					};
				};
			};
			buildConfigurationList = 792724341FA9BC0100E86B13 /* Build configuration list for PBXProject "norikae" */;
			compatibilityVersion = "Xcode 8.0";
			developmentRegion = en;
			hasScannedForEncodings = 0;
			knownRegions = (
				en,
				Base,
			);
			mainGroup = 792724301FA9BC0100E86B13;
			productRefGroup = 7927243A1FA9BC0200E86B13 /* Products */;
			projectDirPath = "";
			projectRoot = "";
			targets = (
				792724381FA9BC0200E86B13 /* norikae */,
			);
		};
/* End PBXProject section */

/* Begin PBXResourcesBuildPhase section */
		792724371FA9BC0200E86B13 /* Resources */ = {
			isa = PBXResourcesBuildPhase;
			buildActionMask = 2147483647;
			files = (
				792724471FA9BC0200E86B13 /* LaunchScreen.storyboard in Resources */,
				792724441FA9BC0200E86B13 /* Assets.xcassets in Resources */,
				792724421FA9BC0200E86B13 /* Main.storyboard in Resources */,
			);
			runOnlyForDeploymentPostprocessing = 0;
		};
/* End PBXResourcesBuildPhase section */

/* Begin PBXSourcesBuildPhase section */
		792724351FA9BC0200E86B13 /* Sources */ = {
			isa = PBXSourcesBuildPhase;
			buildActionMask = 2147483647;
			files = (
				7927244F1FA9C60E00E86B13 /* General.swift in Sources */,
				7927243F1FA9BC0200E86B13 /* ViewController.swift in Sources */,
				7927243D1FA9BC0200E86B13 /* AppDelegate.swift in Sources */,
			);
			runOnlyForDeploymentPostprocessing = 0;
		};
/* End PBXSourcesBuildPhase section */

/* Begin PBXVariantGroup section */
		792724401FA9BC0200E86B13 /* Main.storyboard */ = {
			isa = PBXVariantGroup;
			children = (
				792724411FA9BC0200E86B13 /* Base */,
			);
			name = Main.storyboard;
			sourceTree = "<group>";
		};
		792724451FA9BC0200E86B13 /* LaunchScreen.storyboard */ = {
			isa = PBXVariantGroup;
			children = (
				792724461FA9BC0200E86B13 /* Base */,
			);
			name = LaunchScreen.storyboard;
			sourceTree = "<group>";
		};
/* End PBXVariantGroup section */

/* Begin XCBuildConfiguration section */
		792724491FA9BC0200E86B13 /* Debug */ = {
			isa = XCBuildConfiguration;
			buildSettings = {
				ALWAYS_SEARCH_USER_PATHS = NO;
				CLANG_ANALYZER_NONNULL = YES;
				CLANG_ANALYZER_NUMBER_OBJECT_CONVERSION = YES_AGGRESSIVE;
				CLANG_CXX_LANGUAGE_STANDARD = "gnu++14";
				CLANG_CXX_LIBRARY = "libc++";
				CLANG_ENABLE_MODULES = YES;
				CLANG_ENABLE_OBJC_ARC = YES;
				CLANG_WARN_BLOCK_CAPTURE_AUTORELEASING = YES;
				CLANG_WARN_BOOL_CONVERSION = YES;
				CLANG_WARN_COMMA = YES;
				CLANG_WARN_CONSTANT_CONVERSION = YES;
				CLANG_WARN_DIRECT_OBJC_ISA_USAGE = YES_ERROR;
				CLANG_WARN_DOCUMENTATION_COMMENTS = YES;
				CLANG_WARN_EMPTY_BODY = YES;
				CLANG_WARN_ENUM_CONVERSION = YES;
				CLANG_WARN_INFINITE_RECURSION = YES;
				CLANG_WARN_INT_CONVERSION = YES;
				CLANG_WARN_NON_LITERAL_NULL_CONVERSION = YES;
				CLANG_WARN_OBJC_LITERAL_CONVERSION = YES;
				CLANG_WARN_OBJC_ROOT_CLASS = YES_ERROR;
				CLANG_WARN_RANGE_LOOP_ANALYSIS = YES;
				CLANG_WARN_STRICT_PROTOTYPES = YES;
				CLANG_WARN_SUSPICIOUS_MOVE = YES;
				CLANG_WARN_UNGUARDED_AVAILABILITY = YES_AGGRESSIVE;
				CLANG_WARN_UNREACHABLE_CODE = YES;
				CLANG_WARN__DUPLICATE_METHOD_MATCH = YES;
				CODE_SIGN_IDENTITY = "iPhone Developer";
				COPY_PHASE_STRIP = NO;
				DEBUG_INFORMATION_FORMAT = dwarf;
				ENABLE_STRICT_OBJC_MSGSEND = YES;
				ENABLE_TESTABILITY = YES;
				GCC_C_LANGUAGE_STANDARD = gnu11;
				GCC_DYNAMIC_NO_PIC = NO;
				GCC_NO_COMMON_BLOCKS = YES;
				GCC_OPTIMIZATION_LEVEL = 0;
				GCC_PREPROCESSOR_DEFINITIONS = (
					"DEBUG=1",
					"$(inherited)",
				);
				GCC_WARN_64_TO_32_BIT_CONVERSION = YES;
				GCC_WARN_ABOUT_RETURN_TYPE = YES_ERROR;
				GCC_WARN_UNDECLARED_SELECTOR = YES;
				GCC_WARN_UNINITIALIZED_AUTOS = YES_AGGRESSIVE;
				GCC_WARN_UNUSED_FUNCTION = YES;
				GCC_WARN_UNUSED_VARIABLE = YES;
				IPHONEOS_DEPLOYMENT_TARGET = 10.3;
				MTL_ENABLE_DEBUG_INFO = YES;
				ONLY_ACTIVE_ARCH = YES;
				SDKROOT = iphoneos;
				SWIFT_ACTIVE_COMPILATION_CONDITIONS = DEBUG;
				SWIFT_OPTIMIZATION_LEVEL = "-Onone";
			};
			name = Debug;
		};
		7927244A1FA9BC0200E86B13 /* Release */ = {
			isa = XCBuildConfiguration;
			buildSettings = {
				ALWAYS_SEARCH_USER_PATHS = NO;
				CLANG_ANALYZER_NONNULL = YES;
				CLANG_ANALYZER_NUMBER_OBJECT_CONVERSION = YES_AGGRESSIVE;
				CLANG_CXX_LANGUAGE_STANDARD = "gnu++14";
				CLANG_CXX_LIBRARY = "libc++";
				CLANG_ENABLE_MODULES = YES;
				CLANG_ENABLE_OBJC_ARC = YES;
				CLANG_WARN_BLOCK_CAPTURE_AUTORELEASING = YES;
				CLANG_WARN_BOOL_CONVERSION = YES;
				CLANG_WARN_COMMA = YES;
				CLANG_WARN_CONSTANT_CONVERSION = YES;
				CLANG_WARN_DIRECT_OBJC_ISA_USAGE = YES_ERROR;
				CLANG_WARN_DOCUMENTATION_COMMENTS = YES;
				CLANG_WARN_EMPTY_BODY = YES;
				CLANG_WARN_ENUM_CONVERSION = YES;
				CLANG_WARN_INFINITE_RECURSION = YES;
				CLANG_WARN_INT_CONVERSION = YES;
				CLANG_WARN_NON_LITERAL_NULL_CONVERSION = YES;
				CLANG_WARN_OBJC_LITERAL_CONVERSION = YES;
				CLANG_WARN_OBJC_ROOT_CLASS = YES_ERROR;
				CLANG_WARN_RANGE_LOOP_ANALYSIS = YES;
				CLANG_WARN_STRICT_PROTOTYPES = YES;
				CLANG_WARN_SUSPICIOUS_MOVE = YES;
				CLANG_WARN_UNGUARDED_AVAILABILITY = YES_AGGRESSIVE;
				CLANG_WARN_UNREACHABLE_CODE = YES;
				CLANG_WARN__DUPLICATE_METHOD_MATCH = YES;
				CODE_SIGN_IDENTITY = "iPhone Developer";
				COPY_PHASE_STRIP = NO;
				DEBUG_INFORMATION_FORMAT = "dwarf-with-dsym";
				ENABLE_NS_ASSERTIONS = NO;
				ENABLE_STRICT_OBJC_MSGSEND = YES;
				GCC_C_LANGUAGE_STANDARD = gnu11;
				GCC_NO_COMMON_BLOCKS = YES;
				GCC_WARN_64_TO_32_BIT_CONVERSION = YES;
				GCC_WARN_ABOUT_RETURN_TYPE = YES_ERROR;
				GCC_WARN_UNDECLARED_SELECTOR = YES;
				GCC_WARN_UNINITIALIZED_AUTOS = YES_AGGRESSIVE;
				GCC_WARN_UNUSED_FUNCTION = YES;
				GCC_WARN_UNUSED_VARIABLE = YES;
				IPHONEOS_DEPLOYMENT_TARGET = 10.3;
				MTL_ENABLE_DEBUG_INFO = NO;
				SDKROOT = iphoneos;
				SWIFT_OPTIMIZATION_LEVEL = "-Owholemodule";
				VALIDATE_PRODUCT = YES;
			};
			name = Release;
		};
		7927244C1FA9BC0200E86B13 /* Debug */ = {
			isa = XCBuildConfiguration;
			buildSettings = {
				ASSETCATALOG_COMPILER_APPICON_NAME = AppIcon;
				CODE_SIGN_STYLE = Automatic;
				DEVELOPMENT_TEAM = "";
				INFOPLIST_FILE = norikae/Info.plist;
				IPHONEOS_DEPLOYMENT_TARGET = 10.3;
				LD_RUNPATH_SEARCH_PATHS = "$(inherited) @executable_path/Frameworks";
				PRODUCT_BUNDLE_IDENTIFIER = "Step-App-School";
				PRODUCT_NAME = "$(TARGET_NAME)";
				SWIFT_VERSION = 4.0;
				TARGETED_DEVICE_FAMILY = "1,2";
			};
			name = Debug;
		};
		7927244D1FA9BC0200E86B13 /* Release */ = {
			isa = XCBuildConfiguration;
			buildSettings = {
				ASSETCATALOG_COMPILER_APPICON_NAME = AppIcon;
				CODE_SIGN_STYLE = Automatic;
				DEVELOPMENT_TEAM = "";
				INFOPLIST_FILE = norikae/Info.plist;
				IPHONEOS_DEPLOYMENT_TARGET = 10.3;
				LD_RUNPATH_SEARCH_PATHS = "$(inherited) @executable_path/Frameworks";
				PRODUCT_BUNDLE_IDENTIFIER = "Step-App-School";
				PRODUCT_NAME = "$(TARGET_NAME)";
				SWIFT_VERSION = 4.0;
				TARGETED_DEVICE_FAMILY = "1,2";
			};
			name = Release;
		};
/* End XCBuildConfiguration section */

/* Begin XCConfigurationList section */
		792724341FA9BC0100E86B13 /* Build configuration list for PBXProject "norikae" */ = {
			isa = XCConfigurationList;
			buildConfigurations = (
				792724491FA9BC0200E86B13 /* Debug */,
				7927244A1FA9BC0200E86B13 /* Release */,
			);
			defaultConfigurationIsVisible = 0;
			defaultConfigurationName = Release;
		};
		7927244B1FA9BC0200E86B13 /* Build configuration list for PBXNativeTarget "norikae" */ = {
			isa = XCConfigurationList;
			buildConfigurations = (
				7927244C1FA9BC0200E86B13 /* Debug */,
				7927244D1FA9BC0200E86B13 /* Release */,
			);
			defaultConfigurationIsVisible = 0;
			defaultConfigurationName = Release;
		};
/* End XCConfigurationList section */
	};
	rootObject = 792724311FA9BC0100E86B13 /* Project object */;
}
